PODS:
  - Flutter (1.0.0)
  - singularity_flutter (0.0.1):
    - Flutter

DEPENDENCIES:
  - Flutter (from `Flutter`)
  - singularity_flutter (from `.symlinks/plugins/singularity_flutter/ios`)

EXTERNAL SOURCES:
  Flutter:
    :path: Flutter
  singularity_flutter:
    :path: ".symlinks/plugins/singularity_flutter/ios"

SPEC CHECKSUMS:
  Flutter: f04841e97a9d0b0a8025694d0796dd46242b2854
  singularity_flutter: f1e669d66e61414d7ef82860e81c681267220939

PODFILE CHECKSUM: aafe91acc616949ddb318b77800a7f51bffa2a4c

COCOAPODS: 1.11.3
